
Microsoft Visual Studio Solution File, Format Version 12.00
Project("{FAE04EC0-301F-11D3-BF4B-00C04F79EFBC}") = "IdentityService.Api", "src\Services\IdentityService\IdentityService.Api\IdentityService.Api.csproj", "{9BE6747A-FFDF-4186-A92E-F67F437F2113}"
EndProject
Project("{FAE04EC0-301F-11D3-BF4B-00C04F79EFBC}") = "IdentityService.Application", "src\Services\IdentityService\IdentityService.Application\IdentityService.Application.csproj", "{A8B16CB5-3DCB-42DC-B8F2-E08B8CB903D4}"
EndProject
Project("{FAE04EC0-301F-11D3-BF4B-00C04F79EFBC}") = "IdentityService.Domain", "src\Services\IdentityService\IdentityService.Domain\IdentityService.Domain.csproj", "{96FD6D21-5D7C-4FA4-A500-05C7D5CA4459}"
EndProject
Project("{FAE04EC0-301F-11D3-BF4B-00C04F79EFBC}") = "IdentityService.Infrastructure", "src\Services\IdentityService\IdentityService.Infrastructure\IdentityService.Infrastructure.csproj", "{A608015D-6434-4AFA-A4F8-A3B21CECA732}"
EndProject
Project("{FAE04EC0-301F-11D3-BF4B-00C04F79EFBC}") = "IdentityService.Tests", "tests\IdentityService.Tests\IdentityService.Tests.csproj", "{5434963C-BB44-4FF3-BFF4-0BEA16F922E4}"
EndProject
Project("{FAE04EC0-301F-11D3-BF4B-00C04F79EFBC}") = "BugBucks.Shared.VaultClient", "src\Shared\BugBucks.Shared.VaultClient\BugBucks.Shared.VaultClient.csproj", "{5BF08BEB-4072-46BB-AFFB-85217883C65B}"
EndProject
Project("{FAE04EC0-301F-11D3-BF4B-00C04F79EFBC}") = "OrderService.Domain", "src\Services\OrderService\OrderService.Domain\OrderService.Domain.csproj", "{F47AC460-636A-4E24-A7F8-A59C4C9AD91A}"
EndProject
Project("{FAE04EC0-301F-11D3-BF4B-00C04F79EFBC}") = "OrderService.Application", "src\Services\OrderService\OrderService.Application\OrderService.Application.csproj", "{CAE325FF-89C4-47B2-B62A-6AFDB17FD80F}"
EndProject
Project("{FAE04EC0-301F-11D3-BF4B-00C04F79EFBC}") = "OrderService.Infrastructure", "src\Services\OrderService\OrderService.Infrastructure\OrderService.Infrastructure.csproj", "{3E19B1C1-AD1D-4724-BB2F-32C32371A041}"
EndProject
Project("{FAE04EC0-301F-11D3-BF4B-00C04F79EFBC}") = "OrderService.Api", "src\Services\OrderService\OrderService.Api\OrderService.Api.csproj", "{7C6A6DE1-7FB6-411D-A05A-D0785F1DFF8C}"
EndProject
Project("{FAE04EC0-301F-11D3-BF4B-00C04F79EFBC}") = "PaymentService.Api", "src\Services\PaymentService\PaymentService.Api\PaymentService.Api.csproj", "{93B0530A-B75B-4D8C-979C-854B3D474DBA}"
EndProject
Project("{FAE04EC0-301F-11D3-BF4B-00C04F79EFBC}") = "PaymentService.Application", "src\Services\PaymentService\PaymentService.Application\PaymentService.Application.csproj", "{42D360DD-F75C-4723-A8ED-196DE7F2D52F}"
EndProject
Project("{FAE04EC0-301F-11D3-BF4B-00C04F79EFBC}") = "PaymentService.Domain", "src\Services\PaymentService\PaymentService.Domain\PaymentService.Domain.csproj", "{AA04FF24-7C8F-457F-8EF8-C913C55477E0}"
EndProject
Project("{FAE04EC0-301F-11D3-BF4B-00C04F79EFBC}") = "PaymentService.Infrastructure", "src\Services\PaymentService\PaymentService.Infrastructure\PaymentService.Infrastructure.csproj", "{C507FCB2-FE0A-448E-BCC3-392C69EC33F1}"
EndProject
Project("{FAE04EC0-301F-11D3-BF4B-00C04F79EFBC}") = "Gateway.Api", "src\Gateways\Gateway.Api\Gateway.Api.csproj", "{02BDEB66-4ADE-4DCD-B3B9-2CE625FDCB5F}"
EndProject
Project("{FAE04EC0-301F-11D3-BF4B-00C04F79EFBC}") = "OrderService.Tests", "tests\OrderService.Tests\OrderService.Tests.csproj", "{99D915CC-9C51-48AE-986D-541FEFF1F4AF}"
EndProject
Project("{FAE04EC0-301F-11D3-BF4B-00C04F79EFBC}") = "CheckoutService.Api", "src\Services\CheckoutService\CheckoutService.Api\CheckoutService.Api.csproj", "{C18CE164-60FA-40D6-AD57-436429881442}"
EndProject
Project("{FAE04EC0-301F-11D3-BF4B-00C04F79EFBC}") = "CheckoutService.Domain", "src\Services\CheckoutService\CheckoutService.Domain\CheckoutService.Domain.csproj", "{72889E13-2C66-4777-8DBA-204F2EABEE0E}"
EndProject
Project("{FAE04EC0-301F-11D3-BF4B-00C04F79EFBC}") = "CheckoutService.Application", "src\Services\CheckoutService\CheckoutService.Application\CheckoutService.Application.csproj", "{717CCC71-0064-46D9-8FC8-141DAC700D2C}"
EndProject
Project("{FAE04EC0-301F-11D3-BF4B-00C04F79EFBC}") = "CheckoutService.Tests", "tests\CheckoutService.Tests\CheckoutService.Tests.csproj", "{3F0DAAC5-4278-4544-8C2A-FA6FE1EF0AA6}"
EndProject
Project("{FAE04EC0-301F-11D3-BF4B-00C04F79EFBC}") = "BugBucks.Shared.Kernel", "src\Shared\BugBucks.Shared.Kernel\BugBucks.Shared.Kernel.csproj", "{06FF3C08-5B20-4F4F-B0DE-4CFAE45497B7}"
EndProject
Project("{FAE04EC0-301F-11D3-BF4B-00C04F79EFBC}") = "BugBucks.Shared.Logging", "src\Shared\BugBucks.Shared.Logging\BugBucks.Shared.Logging.csproj", "{2A4A3CE1-B07C-484A-93E1-4CBAC54A370E}"
EndProject
Project("{FAE04EC0-301F-11D3-BF4B-00C04F79EFBC}") = "BugBucks.Shared.Messaging.Test", "tests\BugBucks.Shared.Messaging.Test\BugBucks.Shared.Messaging.Test.csproj", "{547ADC95-1E62-4D8D-B37A-7C78052B6CDE}"
EndProject
Project("{FAE04EC0-301F-11D3-BF4B-00C04F79EFBC}") = "CheckoutService.Infrastructure", "src\Services\CheckoutService\CheckoutService.Infrastructure\CheckoutService.Infrastructure.csproj", "{FC85484B-12DA-4878-885D-BCE47F2D3FB0}"
EndProject
Project("{FAE04EC0-301F-11D3-BF4B-00C04F79EFBC}") = "BugBucks.Shared.Messaging", "src\Shared\BugBucks.Shared.Messaging\BugBucks.Shared.Messaging.csproj", "{423C965A-A5EF-4D48-B362-40B29BC4A7EF}"
EndProject
Project("{2150E333-8FDC-42A3-9474-1A3956D46DE8}") = "Solution Items", "Solution Items", "{53C908D4-01FC-44BA-9AE1-E5A42B72BA11}"
	ProjectSection(SolutionItems) = preProject
		compose.yaml = compose.yaml
	EndProjectSection
EndProject
Global
	GlobalSection(SolutionConfigurationPlatforms) = preSolution
		Debug|Any CPU = Debug|Any CPU
		Release|Any CPU = Release|Any CPU
	EndGlobalSection
	GlobalSection(ProjectConfigurationPlatforms) = postSolution
		{9BE6747A-FFDF-4186-A92E-F67F437F2113}.Debug|Any CPU.ActiveCfg = Debug|Any CPU
		{9BE6747A-FFDF-4186-A92E-F67F437F2113}.Debug|Any CPU.Build.0 = Debug|Any CPU
		{9BE6747A-FFDF-4186-A92E-F67F437F2113}.Release|Any CPU.ActiveCfg = Release|Any CPU
		{9BE6747A-FFDF-4186-A92E-F67F437F2113}.Release|Any CPU.Build.0 = Release|Any CPU
		{A8B16CB5-3DCB-42DC-B8F2-E08B8CB903D4}.Debug|Any CPU.ActiveCfg = Debug|Any CPU
		{A8B16CB5-3DCB-42DC-B8F2-E08B8CB903D4}.Debug|Any CPU.Build.0 = Debug|Any CPU
		{A8B16CB5-3DCB-42DC-B8F2-E08B8CB903D4}.Release|Any CPU.ActiveCfg = Release|Any CPU
		{A8B16CB5-3DCB-42DC-B8F2-E08B8CB903D4}.Release|Any CPU.Build.0 = Release|Any CPU
		{96FD6D21-5D7C-4FA4-A500-05C7D5CA4459}.Debug|Any CPU.ActiveCfg = Debug|Any CPU
		{96FD6D21-5D7C-4FA4-A500-05C7D5CA4459}.Debug|Any CPU.Build.0 = Debug|Any CPU
		{96FD6D21-5D7C-4FA4-A500-05C7D5CA4459}.Release|Any CPU.ActiveCfg = Release|Any CPU
		{96FD6D21-5D7C-4FA4-A500-05C7D5CA4459}.Release|Any CPU.Build.0 = Release|Any CPU
		{A608015D-6434-4AFA-A4F8-A3B21CECA732}.Debug|Any CPU.ActiveCfg = Debug|Any CPU
		{A608015D-6434-4AFA-A4F8-A3B21CECA732}.Debug|Any CPU.Build.0 = Debug|Any CPU
		{A608015D-6434-4AFA-A4F8-A3B21CECA732}.Release|Any CPU.ActiveCfg = Release|Any CPU
		{A608015D-6434-4AFA-A4F8-A3B21CECA732}.Release|Any CPU.Build.0 = Release|Any CPU
		{5434963C-BB44-4FF3-BFF4-0BEA16F922E4}.Debug|Any CPU.ActiveCfg = Debug|Any CPU
		{5434963C-BB44-4FF3-BFF4-0BEA16F922E4}.Debug|Any CPU.Build.0 = Debug|Any CPU
		{5434963C-BB44-4FF3-BFF4-0BEA16F922E4}.Release|Any CPU.ActiveCfg = Release|Any CPU
		{5434963C-BB44-4FF3-BFF4-0BEA16F922E4}.Release|Any CPU.Build.0 = Release|Any CPU
		{5BF08BEB-4072-46BB-AFFB-85217883C65B}.Debug|Any CPU.ActiveCfg = Debug|Any CPU
		{5BF08BEB-4072-46BB-AFFB-85217883C65B}.Debug|Any CPU.Build.0 = Debug|Any CPU
		{5BF08BEB-4072-46BB-AFFB-85217883C65B}.Release|Any CPU.ActiveCfg = Release|Any CPU
		{5BF08BEB-4072-46BB-AFFB-85217883C65B}.Release|Any CPU.Build.0 = Release|Any CPU
		{F47AC460-636A-4E24-A7F8-A59C4C9AD91A}.Debug|Any CPU.ActiveCfg = Debug|Any CPU
		{F47AC460-636A-4E24-A7F8-A59C4C9AD91A}.Debug|Any CPU.Build.0 = Debug|Any CPU
		{F47AC460-636A-4E24-A7F8-A59C4C9AD91A}.Release|Any CPU.ActiveCfg = Release|Any CPU
		{F47AC460-636A-4E24-A7F8-A59C4C9AD91A}.Release|Any CPU.Build.0 = Release|Any CPU
		{CAE325FF-89C4-47B2-B62A-6AFDB17FD80F}.Debug|Any CPU.ActiveCfg = Debug|Any CPU
		{CAE325FF-89C4-47B2-B62A-6AFDB17FD80F}.Debug|Any CPU.Build.0 = Debug|Any CPU
		{CAE325FF-89C4-47B2-B62A-6AFDB17FD80F}.Release|Any CPU.ActiveCfg = Release|Any CPU
		{CAE325FF-89C4-47B2-B62A-6AFDB17FD80F}.Release|Any CPU.Build.0 = Release|Any CPU
		{3E19B1C1-AD1D-4724-BB2F-32C32371A041}.Debug|Any CPU.ActiveCfg = Debug|Any CPU
		{3E19B1C1-AD1D-4724-BB2F-32C32371A041}.Debug|Any CPU.Build.0 = Debug|Any CPU
		{3E19B1C1-AD1D-4724-BB2F-32C32371A041}.Release|Any CPU.ActiveCfg = Release|Any CPU
		{3E19B1C1-AD1D-4724-BB2F-32C32371A041}.Release|Any CPU.Build.0 = Release|Any CPU
		{7C6A6DE1-7FB6-411D-A05A-D0785F1DFF8C}.Debug|Any CPU.ActiveCfg = Debug|Any CPU
		{7C6A6DE1-7FB6-411D-A05A-D0785F1DFF8C}.Debug|Any CPU.Build.0 = Debug|Any CPU
		{7C6A6DE1-7FB6-411D-A05A-D0785F1DFF8C}.Release|Any CPU.ActiveCfg = Release|Any CPU
		{7C6A6DE1-7FB6-411D-A05A-D0785F1DFF8C}.Release|Any CPU.Build.0 = Release|Any CPU
		{93B0530A-B75B-4D8C-979C-854B3D474DBA}.Debug|Any CPU.ActiveCfg = Debug|Any CPU
		{93B0530A-B75B-4D8C-979C-854B3D474DBA}.Debug|Any CPU.Build.0 = Debug|Any CPU
		{93B0530A-B75B-4D8C-979C-854B3D474DBA}.Release|Any CPU.ActiveCfg = Release|Any CPU
		{93B0530A-B75B-4D8C-979C-854B3D474DBA}.Release|Any CPU.Build.0 = Release|Any CPU
		{42D360DD-F75C-4723-A8ED-196DE7F2D52F}.Debug|Any CPU.ActiveCfg = Debug|Any CPU
		{42D360DD-F75C-4723-A8ED-196DE7F2D52F}.Debug|Any CPU.Build.0 = Debug|Any CPU
		{42D360DD-F75C-4723-A8ED-196DE7F2D52F}.Release|Any CPU.ActiveCfg = Release|Any CPU
		{42D360DD-F75C-4723-A8ED-196DE7F2D52F}.Release|Any CPU.Build.0 = Release|Any CPU
		{AA04FF24-7C8F-457F-8EF8-C913C55477E0}.Debug|Any CPU.ActiveCfg = Debug|Any CPU
		{AA04FF24-7C8F-457F-8EF8-C913C55477E0}.Debug|Any CPU.Build.0 = Debug|Any CPU
		{AA04FF24-7C8F-457F-8EF8-C913C55477E0}.Release|Any CPU.ActiveCfg = Release|Any CPU
		{AA04FF24-7C8F-457F-8EF8-C913C55477E0}.Release|Any CPU.Build.0 = Release|Any CPU
		{C507FCB2-FE0A-448E-BCC3-392C69EC33F1}.Debug|Any CPU.ActiveCfg = Debug|Any CPU
		{C507FCB2-FE0A-448E-BCC3-392C69EC33F1}.Debug|Any CPU.Build.0 = Debug|Any CPU
		{C507FCB2-FE0A-448E-BCC3-392C69EC33F1}.Release|Any CPU.ActiveCfg = Release|Any CPU
		{C507FCB2-FE0A-448E-BCC3-392C69EC33F1}.Release|Any CPU.Build.0 = Release|Any CPU
		{02BDEB66-4ADE-4DCD-B3B9-2CE625FDCB5F}.Debug|Any CPU.ActiveCfg = Debug|Any CPU
		{02BDEB66-4ADE-4DCD-B3B9-2CE625FDCB5F}.Debug|Any CPU.Build.0 = Debug|Any CPU
		{02BDEB66-4ADE-4DCD-B3B9-2CE625FDCB5F}.Release|Any CPU.ActiveCfg = Release|Any CPU
		{02BDEB66-4ADE-4DCD-B3B9-2CE625FDCB5F}.Release|Any CPU.Build.0 = Release|Any CPU
		{99D915CC-9C51-48AE-986D-541FEFF1F4AF}.Debug|Any CPU.ActiveCfg = Debug|Any CPU
		{99D915CC-9C51-48AE-986D-541FEFF1F4AF}.Debug|Any CPU.Build.0 = Debug|Any CPU
		{99D915CC-9C51-48AE-986D-541FEFF1F4AF}.Release|Any CPU.ActiveCfg = Release|Any CPU
		{99D915CC-9C51-48AE-986D-541FEFF1F4AF}.Release|Any CPU.Build.0 = Release|Any CPU
		{C18CE164-60FA-40D6-AD57-436429881442}.Debug|Any CPU.ActiveCfg = Debug|Any CPU
		{C18CE164-60FA-40D6-AD57-436429881442}.Debug|Any CPU.Build.0 = Debug|Any CPU
		{C18CE164-60FA-40D6-AD57-436429881442}.Release|Any CPU.ActiveCfg = Release|Any CPU
		{C18CE164-60FA-40D6-AD57-436429881442}.Release|Any CPU.Build.0 = Release|Any CPU
		{72889E13-2C66-4777-8DBA-204F2EABEE0E}.Debug|Any CPU.ActiveCfg = Debug|Any CPU
		{72889E13-2C66-4777-8DBA-204F2EABEE0E}.Debug|Any CPU.Build.0 = Debug|Any CPU
		{72889E13-2C66-4777-8DBA-204F2EABEE0E}.Release|Any CPU.ActiveCfg = Release|Any CPU
		{72889E13-2C66-4777-8DBA-204F2EABEE0E}.Release|Any CPU.Build.0 = Release|Any CPU
		{717CCC71-0064-46D9-8FC8-141DAC700D2C}.Debug|Any CPU.ActiveCfg = Debug|Any CPU
		{717CCC71-0064-46D9-8FC8-141DAC700D2C}.Debug|Any CPU.Build.0 = Debug|Any CPU
		{717CCC71-0064-46D9-8FC8-141DAC700D2C}.Release|Any CPU.ActiveCfg = Release|Any CPU
		{717CCC71-0064-46D9-8FC8-141DAC700D2C}.Release|Any CPU.Build.0 = Release|Any CPU
		{3F0DAAC5-4278-4544-8C2A-FA6FE1EF0AA6}.Debug|Any CPU.ActiveCfg = Debug|Any CPU
		{3F0DAAC5-4278-4544-8C2A-FA6FE1EF0AA6}.Debug|Any CPU.Build.0 = Debug|Any CPU
		{3F0DAAC5-4278-4544-8C2A-FA6FE1EF0AA6}.Release|Any CPU.ActiveCfg = Release|Any CPU
		{3F0DAAC5-4278-4544-8C2A-FA6FE1EF0AA6}.Release|Any CPU.Build.0 = Release|Any CPU
		{06FF3C08-5B20-4F4F-B0DE-4CFAE45497B7}.Debug|Any CPU.ActiveCfg = Debug|Any CPU
		{06FF3C08-5B20-4F4F-B0DE-4CFAE45497B7}.Debug|Any CPU.Build.0 = Debug|Any CPU
		{06FF3C08-5B20-4F4F-B0DE-4CFAE45497B7}.Release|Any CPU.ActiveCfg = Release|Any CPU
		{06FF3C08-5B20-4F4F-B0DE-4CFAE45497B7}.Release|Any CPU.Build.0 = Release|Any CPU
		{2A4A3CE1-B07C-484A-93E1-4CBAC54A370E}.Debug|Any CPU.ActiveCfg = Debug|Any CPU
		{2A4A3CE1-B07C-484A-93E1-4CBAC54A370E}.Debug|Any CPU.Build.0 = Debug|Any CPU
		{2A4A3CE1-B07C-484A-93E1-4CBAC54A370E}.Release|Any CPU.ActiveCfg = Release|Any CPU
		{2A4A3CE1-B07C-484A-93E1-4CBAC54A370E}.Release|Any CPU.Build.0 = Release|Any CPU
		{547ADC95-1E62-4D8D-B37A-7C78052B6CDE}.Debug|Any CPU.ActiveCfg = Debug|Any CPU
		{547ADC95-1E62-4D8D-B37A-7C78052B6CDE}.Debug|Any CPU.Build.0 = Debug|Any CPU
		{547ADC95-1E62-4D8D-B37A-7C78052B6CDE}.Release|Any CPU.ActiveCfg = Release|Any CPU
		{547ADC95-1E62-4D8D-B37A-7C78052B6CDE}.Release|Any CPU.Build.0 = Release|Any CPU
		{FC85484B-12DA-4878-885D-BCE47F2D3FB0}.Debug|Any CPU.ActiveCfg = Debug|Any CPU
		{FC85484B-12DA-4878-885D-BCE47F2D3FB0}.Debug|Any CPU.Build.0 = Debug|Any CPU
		{FC85484B-12DA-4878-885D-BCE47F2D3FB0}.Release|Any CPU.ActiveCfg = Release|Any CPU
		{FC85484B-12DA-4878-885D-BCE47F2D3FB0}.Release|Any CPU.Build.0 = Release|Any CPU
		{423C965A-A5EF-4D48-B362-40B29BC4A7EF}.Debug|Any CPU.ActiveCfg = Debug|Any CPU
		{423C965A-A5EF-4D48-B362-40B29BC4A7EF}.Debug|Any CPU.Build.0 = Debug|Any CPU
		{423C965A-A5EF-4D48-B362-40B29BC4A7EF}.Release|Any CPU.ActiveCfg = Release|Any CPU
		{423C965A-A5EF-4D48-B362-40B29BC4A7EF}.Release|Any CPU.Build.0 = Release|Any CPU
	EndGlobalSection
EndGlobal
