
Microsoft Visual Studio Solution File, Format Version 12.00
Project("{FAE04EC0-301F-11D3-BF4B-00C04F79EFBC}") = "LoggingService.Api", "src\Services\LoggingService\LoggingService.Api\LoggingService.Api.csproj", "{6EAA2C9B-2055-4A8A-A942-F7312912CE19}"
EndProject
Project("{FAE04EC0-301F-11D3-BF4B-00C04F79EFBC}") = "BugBucks.Shared.Logging", "src\Shared\BugBucks.Shared.Logging\BugBucks.Shared.Logging.csproj", "{5BB7030C-888B-4D35-94DB-800D5DE07D33}"
EndProject
Project("{FAE04EC0-301F-11D3-BF4B-00C04F79EFBC}") = "IdentityService.Api", "src\Services\IdentityService\IdentityService.Api\IdentityService.Api.csproj", "{9BE6747A-FFDF-4186-A92E-F67F437F2113}"
EndProject
Project("{FAE04EC0-301F-11D3-BF4B-00C04F79EFBC}") = "IdentityService.Application", "src\Services\IdentityService\IdentityService.Application\IdentityService.Application.csproj", "{A8B16CB5-3DCB-42DC-B8F2-E08B8CB903D4}"
EndProject
Project("{FAE04EC0-301F-11D3-BF4B-00C04F79EFBC}") = "IdentityService.Domain", "src\Services\IdentityService\IdentityService.Domain\IdentityService.Domain.csproj", "{96FD6D21-5D7C-4FA4-A500-05C7D5CA4459}"
EndProject
Project("{FAE04EC0-301F-11D3-BF4B-00C04F79EFBC}") = "IdentityService.Infrastructure", "src\Services\IdentityService\IdentityService.Infrastructure\IdentityService.Infrastructure.csproj", "{A608015D-6434-4AFA-A4F8-A3B21CECA732}"
EndProject
Project("{FAE04EC0-301F-11D3-BF4B-00C04F79EFBC}") = "IdentityService.Tests", "tests\IdentityService.Tests\IdentityService.Tests.csproj", "{5434963C-BB44-4FF3-BFF4-0BEA16F922E4}"
EndProject
Project("{FAE04EC0-301F-11D3-BF4B-00C04F79EFBC}") = "BugBucks.Shared.Vault", "src\Shared\BugBucks.Shared.Vault\BugBucks.Shared.Vault.csproj", "{95662EAE-7C82-4AD4-A5F4-5D3917D0FB61}"
EndProject
Global
	GlobalSection(SolutionConfigurationPlatforms) = preSolution
		Debug|Any CPU = Debug|Any CPU
		Release|Any CPU = Release|Any CPU
	EndGlobalSection
	GlobalSection(ProjectConfigurationPlatforms) = postSolution
		{6EAA2C9B-2055-4A8A-A942-F7312912CE19}.Debug|Any CPU.ActiveCfg = Debug|Any CPU
		{6EAA2C9B-2055-4A8A-A942-F7312912CE19}.Debug|Any CPU.Build.0 = Debug|Any CPU
		{6EAA2C9B-2055-4A8A-A942-F7312912CE19}.Release|Any CPU.ActiveCfg = Release|Any CPU
		{6EAA2C9B-2055-4A8A-A942-F7312912CE19}.Release|Any CPU.Build.0 = Release|Any CPU
		{5BB7030C-888B-4D35-94DB-800D5DE07D33}.Debug|Any CPU.ActiveCfg = Debug|Any CPU
		{5BB7030C-888B-4D35-94DB-800D5DE07D33}.Debug|Any CPU.Build.0 = Debug|Any CPU
		{5BB7030C-888B-4D35-94DB-800D5DE07D33}.Release|Any CPU.ActiveCfg = Release|Any CPU
		{5BB7030C-888B-4D35-94DB-800D5DE07D33}.Release|Any CPU.Build.0 = Release|Any CPU
		{9BE6747A-FFDF-4186-A92E-F67F437F2113}.Debug|Any CPU.ActiveCfg = Debug|Any CPU
		{9BE6747A-FFDF-4186-A92E-F67F437F2113}.Debug|Any CPU.Build.0 = Debug|Any CPU
		{9BE6747A-FFDF-4186-A92E-F67F437F2113}.Release|Any CPU.ActiveCfg = Release|Any CPU
		{9BE6747A-FFDF-4186-A92E-F67F437F2113}.Release|Any CPU.Build.0 = Release|Any CPU
		{A8B16CB5-3DCB-42DC-B8F2-E08B8CB903D4}.Debug|Any CPU.ActiveCfg = Debug|Any CPU
		{A8B16CB5-3DCB-42DC-B8F2-E08B8CB903D4}.Debug|Any CPU.Build.0 = Debug|Any CPU
		{A8B16CB5-3DCB-42DC-B8F2-E08B8CB903D4}.Release|Any CPU.ActiveCfg = Release|Any CPU
		{A8B16CB5-3DCB-42DC-B8F2-E08B8CB903D4}.Release|Any CPU.Build.0 = Release|Any CPU
		{96FD6D21-5D7C-4FA4-A500-05C7D5CA4459}.Debug|Any CPU.ActiveCfg = Debug|Any CPU
		{96FD6D21-5D7C-4FA4-A500-05C7D5CA4459}.Debug|Any CPU.Build.0 = Debug|Any CPU
		{96FD6D21-5D7C-4FA4-A500-05C7D5CA4459}.Release|Any CPU.ActiveCfg = Release|Any CPU
		{96FD6D21-5D7C-4FA4-A500-05C7D5CA4459}.Release|Any CPU.Build.0 = Release|Any CPU
		{A608015D-6434-4AFA-A4F8-A3B21CECA732}.Debug|Any CPU.ActiveCfg = Debug|Any CPU
		{A608015D-6434-4AFA-A4F8-A3B21CECA732}.Debug|Any CPU.Build.0 = Debug|Any CPU
		{A608015D-6434-4AFA-A4F8-A3B21CECA732}.Release|Any CPU.ActiveCfg = Release|Any CPU
		{A608015D-6434-4AFA-A4F8-A3B21CECA732}.Release|Any CPU.Build.0 = Release|Any CPU
		{5434963C-BB44-4FF3-BFF4-0BEA16F922E4}.Debug|Any CPU.ActiveCfg = Debug|Any CPU
		{5434963C-BB44-4FF3-BFF4-0BEA16F922E4}.Debug|Any CPU.Build.0 = Debug|Any CPU
		{5434963C-BB44-4FF3-BFF4-0BEA16F922E4}.Release|Any CPU.ActiveCfg = Release|Any CPU
		{5434963C-BB44-4FF3-BFF4-0BEA16F922E4}.Release|Any CPU.Build.0 = Release|Any CPU
		{95662EAE-7C82-4AD4-A5F4-5D3917D0FB61}.Debug|Any CPU.ActiveCfg = Debug|Any CPU
		{95662EAE-7C82-4AD4-A5F4-5D3917D0FB61}.Debug|Any CPU.Build.0 = Debug|Any CPU
		{95662EAE-7C82-4AD4-A5F4-5D3917D0FB61}.Release|Any CPU.ActiveCfg = Release|Any CPU
		{95662EAE-7C82-4AD4-A5F4-5D3917D0FB61}.Release|Any CPU.Build.0 = Release|Any CPU
	EndGlobalSection
EndGlobal
